
Microsoft Visual Studio Solution File, Format Version 12.00
# Visual Studio 15
VisualStudioVersion = 15.0.26430.13
MinimumVisualStudioVersion = 10.0.40219.1
Project("{9A19103F-16F7-4668-BE54-9A1E7A4F7556}") = "Pilates.Agenda.Domain", "Pilates.Domain\Pilates.Agenda.Domain.csproj", "{34885AF6-E586-46EF-B6B7-350F0CD340A3}"
EndProject
Project("{9A19103F-16F7-4668-BE54-9A1E7A4F7556}") = "Pilates.Agenda.Data", "Pilates.Data\Pilates.Agenda.Data.csproj", "{03590F68-30EE-47FD-9F3C-BC11465FAED3}"
EndProject
Project("{9A19103F-16F7-4668-BE54-9A1E7A4F7556}") = "Pilates.Agenda.API", "Pilates.API\Pilates.Agenda.API.csproj", "{896EE6F7-7654-4661-8A65-FC37010DC7BF}"
EndProject
Project("{9A19103F-16F7-4668-BE54-9A1E7A4F7556}") = "Pilates.Account.API", "Pilates.Account.API\Pilates.Account.API.csproj", "{1902F7DC-1342-4143-BF18-29BDA0ED7949}"
EndProject
Project("{9A19103F-16F7-4668-BE54-9A1E7A4F7556}") = "Pilates.Account.Domain", "Pilates.Account.Domain\Pilates.Account.Domain.csproj", "{847C59F5-0E07-4ECC-BDED-B9EC29FDD8B6}"
EndProject
Project("{9A19103F-16F7-4668-BE54-9A1E7A4F7556}") = "Pilates.Account.Data", "Pilates.Account.Data\Pilates.Account.Data.csproj", "{33535D6B-6D2F-4AFC-B8CB-233366BC26BE}"
EndProject
Project("{9A19103F-16F7-4668-BE54-9A1E7A4F7556}") = "Pilates.Agenda.Tests", "Pilates.Agenda.Tests\Pilates.Agenda.Tests.csproj", "{CF123690-301D-493E-B208-6CEED0360587}"
EndProject
Project("{9A19103F-16F7-4668-BE54-9A1E7A4F7556}") = "Pilates.Account.Tests", "Pilates.Account.Tests\Pilates.Account.Tests.csproj", "{AA6FE9C8-E0F2-4822-91FB-FF8CD28976E7}"
EndProject
Project("{9A19103F-16F7-4668-BE54-9A1E7A4F7556}") = "Pilates.Messages.Domain", "Pilates.Messages.Domain\Pilates.Messages.Domain.csproj", "{5D793EC8-95DF-489B-BA1B-AADB0C9FB79D}"
EndProject
Project("{9A19103F-16F7-4668-BE54-9A1E7A4F7556}") = "Pilates.Messages.Data", "Pilates.Messages.Data\Pilates.Messages.Data.csproj", "{BBF2DE77-9160-416D-9180-AC174C7B2185}"
EndProject
Project("{9A19103F-16F7-4668-BE54-9A1E7A4F7556}") = "Pilates.Messages.API", "Pilates.Messages.API\Pilates.Messages.API.csproj", "{F86881DE-10A5-4A7B-9278-FE538E55C47E}"
EndProject
Project("{9A19103F-16F7-4668-BE54-9A1E7A4F7556}") = "StaticWeb", "StaticWeb\StaticWeb.csproj", "{DF277469-E06E-46EC-9690-FE8CBBB70124}"
	ProjectSection(ProjectDependencies) = postProject
		{1902F7DC-1342-4143-BF18-29BDA0ED7949} = {1902F7DC-1342-4143-BF18-29BDA0ED7949}
		{F86881DE-10A5-4A7B-9278-FE538E55C47E} = {F86881DE-10A5-4A7B-9278-FE538E55C47E}
		{896EE6F7-7654-4661-8A65-FC37010DC7BF} = {896EE6F7-7654-4661-8A65-FC37010DC7BF}
	EndProjectSection
EndProject
Project("{9A19103F-16F7-4668-BE54-9A1E7A4F7556}") = "Pilates.Messages.Tests", "Pilates.Messages.Tests\Pilates.Messages.Tests.csproj", "{CAF0380A-DD28-4771-B748-B81DCBE70DE1}"
EndProject
Project("{9A19103F-16F7-4668-BE54-9A1E7A4F7556}") = "Pilates.APIGateway", "Pilates.APIGateway\Pilates.APIGateway.csproj", "{BF1C0F4D-AF97-4C46-B1F1-22F12595DB80}"
EndProject
Project("{FAE04EC0-301F-11D3-BF4B-00C04F79EFBC}") = "Pilates.ServiceDiscovery", "Pilates.ServiceDiscovery\Pilates.ServiceDiscovery.csproj", "{C12C9BC2-7AA3-450F-839A-971EAD50CFFE}"
EndProject
Global
	GlobalSection(SolutionConfigurationPlatforms) = preSolution
		Debug|Any CPU = Debug|Any CPU
		Release|Any CPU = Release|Any CPU
	EndGlobalSection
	GlobalSection(ProjectConfigurationPlatforms) = postSolution
		{34885AF6-E586-46EF-B6B7-350F0CD340A3}.Debug|Any CPU.ActiveCfg = Debug|Any CPU
		{34885AF6-E586-46EF-B6B7-350F0CD340A3}.Debug|Any CPU.Build.0 = Debug|Any CPU
		{34885AF6-E586-46EF-B6B7-350F0CD340A3}.Release|Any CPU.ActiveCfg = Release|Any CPU
		{34885AF6-E586-46EF-B6B7-350F0CD340A3}.Release|Any CPU.Build.0 = Release|Any CPU
		{03590F68-30EE-47FD-9F3C-BC11465FAED3}.Debug|Any CPU.ActiveCfg = Debug|Any CPU
		{03590F68-30EE-47FD-9F3C-BC11465FAED3}.Debug|Any CPU.Build.0 = Debug|Any CPU
		{03590F68-30EE-47FD-9F3C-BC11465FAED3}.Release|Any CPU.ActiveCfg = Release|Any CPU
		{03590F68-30EE-47FD-9F3C-BC11465FAED3}.Release|Any CPU.Build.0 = Release|Any CPU
		{896EE6F7-7654-4661-8A65-FC37010DC7BF}.Debug|Any CPU.ActiveCfg = Debug|Any CPU
		{896EE6F7-7654-4661-8A65-FC37010DC7BF}.Debug|Any CPU.Build.0 = Debug|Any CPU
		{896EE6F7-7654-4661-8A65-FC37010DC7BF}.Release|Any CPU.ActiveCfg = Release|Any CPU
		{896EE6F7-7654-4661-8A65-FC37010DC7BF}.Release|Any CPU.Build.0 = Release|Any CPU
		{1902F7DC-1342-4143-BF18-29BDA0ED7949}.Debug|Any CPU.ActiveCfg = Debug|Any CPU
		{1902F7DC-1342-4143-BF18-29BDA0ED7949}.Debug|Any CPU.Build.0 = Debug|Any CPU
		{1902F7DC-1342-4143-BF18-29BDA0ED7949}.Release|Any CPU.ActiveCfg = Release|Any CPU
		{1902F7DC-1342-4143-BF18-29BDA0ED7949}.Release|Any CPU.Build.0 = Release|Any CPU
		{847C59F5-0E07-4ECC-BDED-B9EC29FDD8B6}.Debug|Any CPU.ActiveCfg = Debug|Any CPU
		{847C59F5-0E07-4ECC-BDED-B9EC29FDD8B6}.Debug|Any CPU.Build.0 = Debug|Any CPU
		{847C59F5-0E07-4ECC-BDED-B9EC29FDD8B6}.Release|Any CPU.ActiveCfg = Release|Any CPU
		{847C59F5-0E07-4ECC-BDED-B9EC29FDD8B6}.Release|Any CPU.Build.0 = Release|Any CPU
		{33535D6B-6D2F-4AFC-B8CB-233366BC26BE}.Debug|Any CPU.ActiveCfg = Debug|Any CPU
		{33535D6B-6D2F-4AFC-B8CB-233366BC26BE}.Debug|Any CPU.Build.0 = Debug|Any CPU
		{33535D6B-6D2F-4AFC-B8CB-233366BC26BE}.Release|Any CPU.ActiveCfg = Release|Any CPU
		{33535D6B-6D2F-4AFC-B8CB-233366BC26BE}.Release|Any CPU.Build.0 = Release|Any CPU
		{CF123690-301D-493E-B208-6CEED0360587}.Debug|Any CPU.ActiveCfg = Debug|Any CPU
		{CF123690-301D-493E-B208-6CEED0360587}.Debug|Any CPU.Build.0 = Debug|Any CPU
		{CF123690-301D-493E-B208-6CEED0360587}.Release|Any CPU.ActiveCfg = Release|Any CPU
		{CF123690-301D-493E-B208-6CEED0360587}.Release|Any CPU.Build.0 = Release|Any CPU
		{AA6FE9C8-E0F2-4822-91FB-FF8CD28976E7}.Debug|Any CPU.ActiveCfg = Debug|Any CPU
		{AA6FE9C8-E0F2-4822-91FB-FF8CD28976E7}.Debug|Any CPU.Build.0 = Debug|Any CPU
		{AA6FE9C8-E0F2-4822-91FB-FF8CD28976E7}.Release|Any CPU.ActiveCfg = Release|Any CPU
		{AA6FE9C8-E0F2-4822-91FB-FF8CD28976E7}.Release|Any CPU.Build.0 = Release|Any CPU
		{5D793EC8-95DF-489B-BA1B-AADB0C9FB79D}.Debug|Any CPU.ActiveCfg = Debug|Any CPU
		{5D793EC8-95DF-489B-BA1B-AADB0C9FB79D}.Debug|Any CPU.Build.0 = Debug|Any CPU
		{5D793EC8-95DF-489B-BA1B-AADB0C9FB79D}.Release|Any CPU.ActiveCfg = Release|Any CPU
		{5D793EC8-95DF-489B-BA1B-AADB0C9FB79D}.Release|Any CPU.Build.0 = Release|Any CPU
		{BBF2DE77-9160-416D-9180-AC174C7B2185}.Debug|Any CPU.ActiveCfg = Debug|Any CPU
		{BBF2DE77-9160-416D-9180-AC174C7B2185}.Debug|Any CPU.Build.0 = Debug|Any CPU
		{BBF2DE77-9160-416D-9180-AC174C7B2185}.Release|Any CPU.ActiveCfg = Release|Any CPU
		{BBF2DE77-9160-416D-9180-AC174C7B2185}.Release|Any CPU.Build.0 = Release|Any CPU
		{F86881DE-10A5-4A7B-9278-FE538E55C47E}.Debug|Any CPU.ActiveCfg = Debug|Any CPU
		{F86881DE-10A5-4A7B-9278-FE538E55C47E}.Debug|Any CPU.Build.0 = Debug|Any CPU
		{F86881DE-10A5-4A7B-9278-FE538E55C47E}.Release|Any CPU.ActiveCfg = Release|Any CPU
		{F86881DE-10A5-4A7B-9278-FE538E55C47E}.Release|Any CPU.Build.0 = Release|Any CPU
		{DF277469-E06E-46EC-9690-FE8CBBB70124}.Debug|Any CPU.ActiveCfg = Debug|Any CPU
		{DF277469-E06E-46EC-9690-FE8CBBB70124}.Debug|Any CPU.Build.0 = Debug|Any CPU
		{DF277469-E06E-46EC-9690-FE8CBBB70124}.Release|Any CPU.ActiveCfg = Release|Any CPU
		{DF277469-E06E-46EC-9690-FE8CBBB70124}.Release|Any CPU.Build.0 = Release|Any CPU
		{CAF0380A-DD28-4771-B748-B81DCBE70DE1}.Debug|Any CPU.ActiveCfg = Debug|Any CPU
		{CAF0380A-DD28-4771-B748-B81DCBE70DE1}.Debug|Any CPU.Build.0 = Debug|Any CPU
		{CAF0380A-DD28-4771-B748-B81DCBE70DE1}.Release|Any CPU.ActiveCfg = Release|Any CPU
		{CAF0380A-DD28-4771-B748-B81DCBE70DE1}.Release|Any CPU.Build.0 = Release|Any CPU
		{BF1C0F4D-AF97-4C46-B1F1-22F12595DB80}.Debug|Any CPU.ActiveCfg = Debug|Any CPU
		{BF1C0F4D-AF97-4C46-B1F1-22F12595DB80}.Debug|Any CPU.Build.0 = Debug|Any CPU
		{BF1C0F4D-AF97-4C46-B1F1-22F12595DB80}.Release|Any CPU.ActiveCfg = Release|Any CPU
		{BF1C0F4D-AF97-4C46-B1F1-22F12595DB80}.Release|Any CPU.Build.0 = Release|Any CPU
		{C12C9BC2-7AA3-450F-839A-971EAD50CFFE}.Debug|Any CPU.ActiveCfg = Debug|Any CPU
		{C12C9BC2-7AA3-450F-839A-971EAD50CFFE}.Debug|Any CPU.Build.0 = Debug|Any CPU
		{C12C9BC2-7AA3-450F-839A-971EAD50CFFE}.Release|Any CPU.ActiveCfg = Release|Any CPU
		{C12C9BC2-7AA3-450F-839A-971EAD50CFFE}.Release|Any CPU.Build.0 = Release|Any CPU
	EndGlobalSection
	GlobalSection(SolutionProperties) = preSolution
		HideSolutionNode = FALSE
	EndGlobalSection
EndGlobal
